
Microsoft Visual Studio Solution File, Format Version 12.00
# Visual Studio Version 17
VisualStudioVersion = 17.2.32516.85
MinimumVisualStudioVersion = 10.0.40219.1
Project("{9A19103F-16F7-4668-BE54-9A1E7A4F7556}") = "Spotify.Domain", "Spotify.Domain\Spotify.Domain.csproj", "{9CE977C7-EA30-48DD-BF6D-CC862A409EF1}"
EndProject
Project("{9A19103F-16F7-4668-BE54-9A1E7A4F7556}") = "Spotify.CrossCutting", "Spotify.CrossCutting\Spotify.CrossCutting.csproj", "{F43CC089-F5FC-4352-B85A-43E6AA8D7ABB}"
EndProject
Project("{9A19103F-16F7-4668-BE54-9A1E7A4F7556}") = "Spotify.Repository", "Spotify.Repository\Spotify.Repository.csproj", "{06AA0EFB-B395-42BE-B56D-46CB248A21D8}"
EndProject
Project("{9A19103F-16F7-4668-BE54-9A1E7A4F7556}") = "Spotify.Api", "Spotify.Api\Spotify.Api.csproj", "{A2FEF446-A393-47B8-A725-B07657F140CB}"
EndProject
Project("{9A19103F-16F7-4668-BE54-9A1E7A4F7556}") = "Spotify.Application", "Spotify.Application\Spotify.Application.csproj", "{5760C8B1-A650-4D52-888F-839041685D42}"
EndProject
Project("{FAE04EC0-301F-11D3-BF4B-00C04F79EFBC}") = "Spotify.Test", "Spotify.Test\Spotify.Test.csproj", "{7FC0A3A6-7B27-4516-A8EA-AAA2EB19C8E1}"
EndProject
Global
	GlobalSection(SolutionConfigurationPlatforms) = preSolution
		Debug|Any CPU = Debug|Any CPU
		Release|Any CPU = Release|Any CPU
	EndGlobalSection
	GlobalSection(ProjectConfigurationPlatforms) = postSolution
		{9CE977C7-EA30-48DD-BF6D-CC862A409EF1}.Debug|Any CPU.ActiveCfg = Debug|Any CPU
		{9CE977C7-EA30-48DD-BF6D-CC862A409EF1}.Debug|Any CPU.Build.0 = Debug|Any CPU
		{9CE977C7-EA30-48DD-BF6D-CC862A409EF1}.Release|Any CPU.ActiveCfg = Release|Any CPU
		{9CE977C7-EA30-48DD-BF6D-CC862A409EF1}.Release|Any CPU.Build.0 = Release|Any CPU
		{F43CC089-F5FC-4352-B85A-43E6AA8D7ABB}.Debug|Any CPU.ActiveCfg = Debug|Any CPU
		{F43CC089-F5FC-4352-B85A-43E6AA8D7ABB}.Debug|Any CPU.Build.0 = Debug|Any CPU
		{F43CC089-F5FC-4352-B85A-43E6AA8D7ABB}.Release|Any CPU.ActiveCfg = Release|Any CPU
		{F43CC089-F5FC-4352-B85A-43E6AA8D7ABB}.Release|Any CPU.Build.0 = Release|Any CPU
		{06AA0EFB-B395-42BE-B56D-46CB248A21D8}.Debug|Any CPU.ActiveCfg = Debug|Any CPU
		{06AA0EFB-B395-42BE-B56D-46CB248A21D8}.Debug|Any CPU.Build.0 = Debug|Any CPU
		{06AA0EFB-B395-42BE-B56D-46CB248A21D8}.Release|Any CPU.ActiveCfg = Release|Any CPU
		{06AA0EFB-B395-42BE-B56D-46CB248A21D8}.Release|Any CPU.Build.0 = Release|Any CPU
		{A2FEF446-A393-47B8-A725-B07657F140CB}.Debug|Any CPU.ActiveCfg = Debug|Any CPU
		{A2FEF446-A393-47B8-A725-B07657F140CB}.Debug|Any CPU.Build.0 = Debug|Any CPU
		{A2FEF446-A393-47B8-A725-B07657F140CB}.Release|Any CPU.ActiveCfg = Release|Any CPU
		{A2FEF446-A393-47B8-A725-B07657F140CB}.Release|Any CPU.Build.0 = Release|Any CPU
		{5760C8B1-A650-4D52-888F-839041685D42}.Debug|Any CPU.ActiveCfg = Debug|Any CPU
		{5760C8B1-A650-4D52-888F-839041685D42}.Debug|Any CPU.Build.0 = Debug|Any CPU
		{5760C8B1-A650-4D52-888F-839041685D42}.Release|Any CPU.ActiveCfg = Release|Any CPU
		{5760C8B1-A650-4D52-888F-839041685D42}.Release|Any CPU.Build.0 = Release|Any CPU
		{7FC0A3A6-7B27-4516-A8EA-AAA2EB19C8E1}.Debug|Any CPU.ActiveCfg = Debug|Any CPU
		{7FC0A3A6-7B27-4516-A8EA-AAA2EB19C8E1}.Debug|Any CPU.Build.0 = Debug|Any CPU
		{7FC0A3A6-7B27-4516-A8EA-AAA2EB19C8E1}.Release|Any CPU.ActiveCfg = Release|Any CPU
		{7FC0A3A6-7B27-4516-A8EA-AAA2EB19C8E1}.Release|Any CPU.Build.0 = Release|Any CPU
	EndGlobalSection
	GlobalSection(SolutionProperties) = preSolution
		HideSolutionNode = FALSE
	EndGlobalSection
	GlobalSection(ExtensibilityGlobals) = postSolution
		SolutionGuid = {DB9D4DEE-A221-464E-BEAE-DEB4E8F1B08B}
	EndGlobalSection
EndGlobal
